
Microsoft Visual Studio Solution File, Format Version 12.00
# Visual Studio 2012
Project("{FAE04EC0-301F-11D3-BF4B-00C04F79EFBC}") = "Web", "Web\Web.csproj", "{D64AC9CD-4F04-44DD-9D18-E21C73E59F7A}"
EndProject
Global
	GlobalSection(SolutionConfigurationPlatforms) = preSolution
		Debug|Any CPU = Debug|Any CPU
		Release|Any CPU = Release|Any CPU
	EndGlobalSection
	GlobalSection(ProjectConfigurationPlatforms) = postSolution
		{D64AC9CD-4F04-44DD-9D18-E21C73E59F7A}.Debug|Any CPU.ActiveCfg = Debug|Any CPU
		{D64AC9CD-4F04-44DD-9D18-E21C73E59F7A}.Debug|Any CPU.Build.0 = Debug|Any CPU
		{D64AC9CD-4F04-44DD-9D18-E21C73E59F7A}.Release|Any CPU.ActiveCfg = Release|Any CPU
		{D64AC9CD-4F04-44DD-9D18-E21C73E59F7A}.Release|Any CPU.Build.0 = Release|Any CPU
	EndGlobalSection
	GlobalSection(SolutionProperties) = preSolution
		HideSolutionNode = FALSE
	EndGlobalSection
EndGlobal
